
Microsoft Visual Studio Solution File, Format Version 12.00
# Visual Studio Version 17
VisualStudioVersion = 17.14.36221.1 d17.14
MinimumVisualStudioVersion = 10.0.40219.1
Project("{FAE04EC0-301F-11D3-BF4B-00C04F79EFBC}") = "CricCli", "CricCli.csproj", "{09845E0A-5809-4BAD-B6EB-24FC7841561A}"
EndProject
Global
	GlobalSection(SolutionConfigurationPlatforms) = preSolution
		Debug|Any CPU = Debug|Any CPU
		Release|Any CPU = Release|Any CPU
	EndGlobalSection
	GlobalSection(ProjectConfigurationPlatforms) = postSolution
		{09845E0A-5809-4BAD-B6EB-24FC7841561A}.Debug|Any CPU.ActiveCfg = Debug|Any CPU
		{09845E0A-5809-4BAD-B6EB-24FC7841561A}.Debug|Any CPU.Build.0 = Debug|Any CPU
		{09845E0A-5809-4BAD-B6EB-24FC7841561A}.Release|Any CPU.ActiveCfg = Release|Any CPU
		{09845E0A-5809-4BAD-B6EB-24FC7841561A}.Release|Any CPU.Build.0 = Release|Any CPU
	EndGlobalSection
	GlobalSection(SolutionProperties) = preSolution
		HideSolutionNode = FALSE
	EndGlobalSection
	GlobalSection(ExtensibilityGlobals) = postSolution
		SolutionGuid = {F2AF9AD7-0709-48FA-B52A-3224AD4B366E}
	EndGlobalSection
EndGlobal
