
Microsoft Visual Studio Solution File, Format Version 12.00
# Visual Studio Version 17
VisualStudioVersion = 17.14.36221.1
MinimumVisualStudioVersion = 10.0.40219.1
Project("{FAE04EC0-301F-11D3-BF4B-00C04F79EFBC}") = "CricCli", "CricCli\CricCli.csproj", "{37A41E81-0E38-D994-082A-3EEE58E7FA4F}"
EndProject
Project("{FAE04EC0-301F-11D3-BF4B-00C04F79EFBC}") = "CricCli_Tests", "CricCli.Tests\CricCli_Tests.csproj", "{61F33B96-9325-1B2B-E18A-E07AA08AC7AF}"
EndProject
Global
	GlobalSection(SolutionConfigurationPlatforms) = preSolution
		Debug|Any CPU = Debug|Any CPU
		Release|Any CPU = Release|Any CPU
	EndGlobalSection
	GlobalSection(ProjectConfigurationPlatforms) = postSolution
		{37A41E81-0E38-D994-082A-3EEE58E7FA4F}.Debug|Any CPU.ActiveCfg = Debug|Any CPU
		{37A41E81-0E38-D994-082A-3EEE58E7FA4F}.Debug|Any CPU.Build.0 = Debug|Any CPU
		{37A41E81-0E38-D994-082A-3EEE58E7FA4F}.Release|Any CPU.ActiveCfg = Release|Any CPU
		{37A41E81-0E38-D994-082A-3EEE58E7FA4F}.Release|Any CPU.Build.0 = Release|Any CPU
		{61F33B96-9325-1B2B-E18A-E07AA08AC7AF}.Debug|Any CPU.ActiveCfg = Debug|Any CPU
		{61F33B96-9325-1B2B-E18A-E07AA08AC7AF}.Debug|Any CPU.Build.0 = Debug|Any CPU
		{61F33B96-9325-1B2B-E18A-E07AA08AC7AF}.Release|Any CPU.ActiveCfg = Release|Any CPU
		{61F33B96-9325-1B2B-E18A-E07AA08AC7AF}.Release|Any CPU.Build.0 = Release|Any CPU
	EndGlobalSection
	GlobalSection(SolutionProperties) = preSolution
		HideSolutionNode = FALSE
	EndGlobalSection
	GlobalSection(ExtensibilityGlobals) = postSolution
		SolutionGuid = {54E141E8-C4A8-4B27-8269-EDC6D8FDBD1B}
	EndGlobalSection
EndGlobal
