
Microsoft Visual Studio Solution File, Format Version 12.00
# Visual Studio Version 17
VisualStudioVersion = 17.14.36221.1
MinimumVisualStudioVersion = 10.0.40219.1
Project("{FAE04EC0-301F-11D3-BF4B-00C04F79EFBC}") = "Codec", "Codec\Codec.csproj", "{316381AC-EBDC-6E54-8E03-B1CA8B5A281B}"
EndProject
Project("{FAE04EC0-301F-11D3-BF4B-00C04F79EFBC}") = "Tests", "Tests\Tests.csproj", "{9CF47860-2CEA-F379-09D8-9AEF27965D12}"
EndProject
Global
	GlobalSection(SolutionConfigurationPlatforms) = preSolution
		Debug|Any CPU = Debug|Any CPU
		Release|Any CPU = Release|Any CPU
	EndGlobalSection
	GlobalSection(ProjectConfigurationPlatforms) = postSolution
		{316381AC-EBDC-6E54-8E03-B1CA8B5A281B}.Debug|Any CPU.ActiveCfg = Debug|Any CPU
		{316381AC-EBDC-6E54-8E03-B1CA8B5A281B}.Debug|Any CPU.Build.0 = Debug|Any CPU
		{316381AC-EBDC-6E54-8E03-B1CA8B5A281B}.Release|Any CPU.ActiveCfg = Release|Any CPU
		{316381AC-EBDC-6E54-8E03-B1CA8B5A281B}.Release|Any CPU.Build.0 = Release|Any CPU
		{9CF47860-2CEA-F379-09D8-9AEF27965D12}.Debug|Any CPU.ActiveCfg = Debug|Any CPU
		{9CF47860-2CEA-F379-09D8-9AEF27965D12}.Debug|Any CPU.Build.0 = Debug|Any CPU
		{9CF47860-2CEA-F379-09D8-9AEF27965D12}.Release|Any CPU.ActiveCfg = Release|Any CPU
		{9CF47860-2CEA-F379-09D8-9AEF27965D12}.Release|Any CPU.Build.0 = Release|Any CPU
	EndGlobalSection
	GlobalSection(SolutionProperties) = preSolution
		HideSolutionNode = FALSE
	EndGlobalSection
	GlobalSection(ExtensibilityGlobals) = postSolution
		SolutionGuid = {54E141E8-C4A8-4B27-8269-EDC6D8FDBD1B}
	EndGlobalSection
EndGlobal
